
Microsoft Visual Studio Solution File, Format Version 10.00
# Visual Studio 2008
Project("{8BC9CEB8-8B4A-11D0-8D11-00A0C91BC942}") = "DemoDay", "DemoDay\DemoDay.vcproj", "{83B6CE18-F49C-4A7C-82A9-66F400D0E909}"
EndProject
Project("{8BC9CEB8-8B4A-11D0-8D11-00A0C91BC942}") = "Haptics", "Haptics\Haptics.vcproj", "{7830F8C5-9DA6-4E4B-B2D3-E9B13CC50D0B}"
EndProject
Project("{8BC9CEB8-8B4A-11D0-8D11-00A0C91BC942}") = "Fluids", "Fluids\Fluids.vcproj", "{2B8E1002-BC22-4E41-9DBE-296A99C64047}"
EndProject
Project("{8BC9CEB8-8B4A-11D0-8D11-00A0C91BC942}") = "Terrain", "Terrain\Terrain.vcproj", "{3AF663BD-BA92-415C-96A3-2AE40969F19F}"
EndProject
Project("{8BC9CEB8-8B4A-11D0-8D11-00A0C91BC942}") = "Render", "Render\Render.vcproj", "{5FB99FEA-BA59-44B9-AF7F-32DAD9387129}"
EndProject
Global
	GlobalSection(SolutionConfigurationPlatforms) = preSolution
		Debug|Any CPU = Debug|Any CPU
		Debug|Mixed Platforms = Debug|Mixed Platforms
		Debug|Win32 = Debug|Win32
		Release|Any CPU = Release|Any CPU
		Release|Mixed Platforms = Release|Mixed Platforms
		Release|Win32 = Release|Win32
	EndGlobalSection
	GlobalSection(ProjectConfigurationPlatforms) = postSolution
		{83B6CE18-F49C-4A7C-82A9-66F400D0E909}.Debug|Any CPU.ActiveCfg = Debug|Win32
		{83B6CE18-F49C-4A7C-82A9-66F400D0E909}.Debug|Mixed Platforms.ActiveCfg = Debug|Win32
		{83B6CE18-F49C-4A7C-82A9-66F400D0E909}.Debug|Mixed Platforms.Build.0 = Debug|Win32
		{83B6CE18-F49C-4A7C-82A9-66F400D0E909}.Debug|Win32.ActiveCfg = Debug|Win32
		{83B6CE18-F49C-4A7C-82A9-66F400D0E909}.Debug|Win32.Build.0 = Debug|Win32
		{83B6CE18-F49C-4A7C-82A9-66F400D0E909}.Release|Any CPU.ActiveCfg = Release|Win32
		{83B6CE18-F49C-4A7C-82A9-66F400D0E909}.Release|Mixed Platforms.ActiveCfg = Release|Win32
		{83B6CE18-F49C-4A7C-82A9-66F400D0E909}.Release|Mixed Platforms.Build.0 = Release|Win32
		{83B6CE18-F49C-4A7C-82A9-66F400D0E909}.Release|Win32.ActiveCfg = Release|Win32
		{83B6CE18-F49C-4A7C-82A9-66F400D0E909}.Release|Win32.Build.0 = Release|Win32
		{7830F8C5-9DA6-4E4B-B2D3-E9B13CC50D0B}.Debug|Any CPU.ActiveCfg = Debug|Win32
		{7830F8C5-9DA6-4E4B-B2D3-E9B13CC50D0B}.Debug|Mixed Platforms.ActiveCfg = Debug|Win32
		{7830F8C5-9DA6-4E4B-B2D3-E9B13CC50D0B}.Debug|Mixed Platforms.Build.0 = Debug|Win32
		{7830F8C5-9DA6-4E4B-B2D3-E9B13CC50D0B}.Debug|Win32.ActiveCfg = Debug|Win32
		{7830F8C5-9DA6-4E4B-B2D3-E9B13CC50D0B}.Debug|Win32.Build.0 = Debug|Win32
		{7830F8C5-9DA6-4E4B-B2D3-E9B13CC50D0B}.Release|Any CPU.ActiveCfg = Release|Win32
		{7830F8C5-9DA6-4E4B-B2D3-E9B13CC50D0B}.Release|Mixed Platforms.ActiveCfg = Release|Win32
		{7830F8C5-9DA6-4E4B-B2D3-E9B13CC50D0B}.Release|Mixed Platforms.Build.0 = Release|Win32
		{7830F8C5-9DA6-4E4B-B2D3-E9B13CC50D0B}.Release|Win32.ActiveCfg = Release|Win32
		{7830F8C5-9DA6-4E4B-B2D3-E9B13CC50D0B}.Release|Win32.Build.0 = Release|Win32
		{2B8E1002-BC22-4E41-9DBE-296A99C64047}.Debug|Any CPU.ActiveCfg = Debug|Win32
		{2B8E1002-BC22-4E41-9DBE-296A99C64047}.Debug|Mixed Platforms.ActiveCfg = Debug|Win32
		{2B8E1002-BC22-4E41-9DBE-296A99C64047}.Debug|Mixed Platforms.Build.0 = Debug|Win32
		{2B8E1002-BC22-4E41-9DBE-296A99C64047}.Debug|Win32.ActiveCfg = Debug|Win32
		{2B8E1002-BC22-4E41-9DBE-296A99C64047}.Debug|Win32.Build.0 = Debug|Win32
		{2B8E1002-BC22-4E41-9DBE-296A99C64047}.Release|Any CPU.ActiveCfg = Release|Win32
		{2B8E1002-BC22-4E41-9DBE-296A99C64047}.Release|Mixed Platforms.ActiveCfg = Release|Win32
		{2B8E1002-BC22-4E41-9DBE-296A99C64047}.Release|Mixed Platforms.Build.0 = Release|Win32
		{2B8E1002-BC22-4E41-9DBE-296A99C64047}.Release|Win32.ActiveCfg = Release|Win32
		{2B8E1002-BC22-4E41-9DBE-296A99C64047}.Release|Win32.Build.0 = Release|Win32
		{3AF663BD-BA92-415C-96A3-2AE40969F19F}.Debug|Any CPU.ActiveCfg = Debug|Win32
		{3AF663BD-BA92-415C-96A3-2AE40969F19F}.Debug|Mixed Platforms.ActiveCfg = Debug|Win32
		{3AF663BD-BA92-415C-96A3-2AE40969F19F}.Debug|Mixed Platforms.Build.0 = Debug|Win32
		{3AF663BD-BA92-415C-96A3-2AE40969F19F}.Debug|Win32.ActiveCfg = Debug|Win32
		{3AF663BD-BA92-415C-96A3-2AE40969F19F}.Debug|Win32.Build.0 = Debug|Win32
		{3AF663BD-BA92-415C-96A3-2AE40969F19F}.Release|Any CPU.ActiveCfg = Release|Win32
		{3AF663BD-BA92-415C-96A3-2AE40969F19F}.Release|Mixed Platforms.ActiveCfg = Release|Win32
		{3AF663BD-BA92-415C-96A3-2AE40969F19F}.Release|Mixed Platforms.Build.0 = Release|Win32
		{3AF663BD-BA92-415C-96A3-2AE40969F19F}.Release|Win32.ActiveCfg = Release|Win32
		{3AF663BD-BA92-415C-96A3-2AE40969F19F}.Release|Win32.Build.0 = Release|Win32
		{5FB99FEA-BA59-44B9-AF7F-32DAD9387129}.Debug|Any CPU.ActiveCfg = Debug|Win32
		{5FB99FEA-BA59-44B9-AF7F-32DAD9387129}.Debug|Mixed Platforms.ActiveCfg = Debug|Win32
		{5FB99FEA-BA59-44B9-AF7F-32DAD9387129}.Debug|Mixed Platforms.Build.0 = Debug|Win32
		{5FB99FEA-BA59-44B9-AF7F-32DAD9387129}.Debug|Win32.ActiveCfg = Debug|Win32
		{5FB99FEA-BA59-44B9-AF7F-32DAD9387129}.Debug|Win32.Build.0 = Debug|Win32
		{5FB99FEA-BA59-44B9-AF7F-32DAD9387129}.Release|Any CPU.ActiveCfg = Release|Win32
		{5FB99FEA-BA59-44B9-AF7F-32DAD9387129}.Release|Mixed Platforms.ActiveCfg = Release|Win32
		{5FB99FEA-BA59-44B9-AF7F-32DAD9387129}.Release|Mixed Platforms.Build.0 = Release|Win32
		{5FB99FEA-BA59-44B9-AF7F-32DAD9387129}.Release|Win32.ActiveCfg = Release|Win32
		{5FB99FEA-BA59-44B9-AF7F-32DAD9387129}.Release|Win32.Build.0 = Release|Win32
	EndGlobalSection
	GlobalSection(SolutionProperties) = preSolution
		HideSolutionNode = FALSE
	EndGlobalSection
EndGlobal
